{
  "name": "src",
  "lockfileVersion": 2,
  "requires": true,
  "packages": {
    "": {
      "license": "MIT",
      "dependencies": {
        "axe-core": "^4.7.1"
      }
    },
    "node_modules/axe-core": {
      "version": "4.7.1",
      "resolved": "https://registry.npmjs.org/axe-core/-/axe-core-4.7.1.tgz",
      "integrity": "sha512-sCXXUhA+cljomZ3ZAwb8i1p3oOlkABzPy08ZDAoGcYuvtBPlQ1Ytde129ArXyHWDhfeewq7rlx9F+cUx2SSlkg==",
      "engines": {
        "node": ">=4"
      }
    }
  },
  "dependencies": {
    "axe-core": {
      "version": "4.7.1",
      "resolved": "https://registry.npmjs.org/axe-core/-/axe-core-4.7.1.tgz",
      "integrity": "sha512-sCXXUhA+cljomZ3ZAwb8i1p3oOlkABzPy08ZDAoGcYuvtBPlQ1Ytde129ArXyHWDhfeewq7rlx9F+cUx2SSlkg=="
    }
  }
}
