Microsoft Visual Studio Solution File, Format Version 12.00
# Visual Studio Version 16
VisualStudioVersion = 16.0.30114.105
MinimumVisualStudioVersion = 10.0.40219.1
Project("{2150E333-8FDC-42A3-9474-1A3956D46DE8}") = "commons", "commons", "{503C1F96-0BAB-457A-AC0F-F8E596F3ADD6}"
EndProject
Project("{FAE04EC0-301F-11D3-BF4B-00C04F79EFBC}") = "Deque.AxeCore.Commons", "packages\commons\src\Deque.AxeCore.Commons.csproj", "{05A828D4-ED6F-4C8E-8D7C-62B84E3C359E}"
EndProject
Project("{FAE04EC0-301F-11D3-BF4B-00C04F79EFBC}") = "Deque.AxeCore.Commons.Test", "packages\commons\test\Deque.AxeCore.Commons.Test.csproj", "{F06315BB-0847-4A20-AEF4-6FB3A46016A7}"
EndProject
Project("{2150E333-8FDC-42A3-9474-1A3956D46DE8}") = "selenium", "selenium", "{7273D75C-DB83-4C12-B48D-7C575A8DEBC7}"
EndProject
Project("{FAE04EC0-301F-11D3-BF4B-00C04F79EFBC}") = "Deque.AxeCore.Selenium", "packages\selenium\src\Deque.AxeCore.Selenium.csproj", "{598B6BDA-8082-4119-A755-970D72A4B64C}"
EndProject
Project("{FAE04EC0-301F-11D3-BF4B-00C04F79EFBC}") = "Deque.AxeCore.Selenium.Test", "packages\selenium\test\Deque.AxeCore.Selenium.Test.csproj", "{7D5DB0A8-263E-40D4-90C8-B86BA672C783}"
EndProject
Global
	GlobalSection(SolutionConfigurationPlatforms) = preSolution
		Debug|Any CPU = Debug|Any CPU
		Release|Any CPU = Release|Any CPU
	EndGlobalSection
	GlobalSection(SolutionProperties) = preSolution
		HideSolutionNode = FALSE
	EndGlobalSection
	GlobalSection(ProjectConfigurationPlatforms) = postSolution
		{05A828D4-ED6F-4C8E-8D7C-62B84E3C359E}.Debug|Any CPU.ActiveCfg = Debug|Any CPU
		{05A828D4-ED6F-4C8E-8D7C-62B84E3C359E}.Debug|Any CPU.Build.0 = Debug|Any CPU
		{05A828D4-ED6F-4C8E-8D7C-62B84E3C359E}.Release|Any CPU.ActiveCfg = Release|Any CPU
		{05A828D4-ED6F-4C8E-8D7C-62B84E3C359E}.Release|Any CPU.Build.0 = Release|Any CPU
		{F06315BB-0847-4A20-AEF4-6FB3A46016A7}.Debug|Any CPU.ActiveCfg = Debug|Any CPU
		{F06315BB-0847-4A20-AEF4-6FB3A46016A7}.Debug|Any CPU.Build.0 = Debug|Any CPU
		{F06315BB-0847-4A20-AEF4-6FB3A46016A7}.Release|Any CPU.ActiveCfg = Release|Any CPU
		{F06315BB-0847-4A20-AEF4-6FB3A46016A7}.Release|Any CPU.Build.0 = Release|Any CPU
		{598B6BDA-8082-4119-A755-970D72A4B64C}.Debug|Any CPU.ActiveCfg = Debug|Any CPU
		{598B6BDA-8082-4119-A755-970D72A4B64C}.Debug|Any CPU.Build.0 = Debug|Any CPU
		{598B6BDA-8082-4119-A755-970D72A4B64C}.Release|Any CPU.ActiveCfg = Release|Any CPU
		{598B6BDA-8082-4119-A755-970D72A4B64C}.Release|Any CPU.Build.0 = Release|Any CPU
		{7D5DB0A8-263E-40D4-90C8-B86BA672C783}.Debug|Any CPU.ActiveCfg = Debug|Any CPU
		{7D5DB0A8-263E-40D4-90C8-B86BA672C783}.Debug|Any CPU.Build.0 = Debug|Any CPU
		{7D5DB0A8-263E-40D4-90C8-B86BA672C783}.Release|Any CPU.ActiveCfg = Release|Any CPU
		{7D5DB0A8-263E-40D4-90C8-B86BA672C783}.Release|Any CPU.Build.0 = Release|Any CPU
	EndGlobalSection
	GlobalSection(NestedProjects) = preSolution
		{05A828D4-ED6F-4C8E-8D7C-62B84E3C359E} = {503C1F96-0BAB-457A-AC0F-F8E596F3ADD6}
		{F06315BB-0847-4A20-AEF4-6FB3A46016A7} = {503C1F96-0BAB-457A-AC0F-F8E596F3ADD6}
		{598B6BDA-8082-4119-A755-970D72A4B64C} = {7273D75C-DB83-4C12-B48D-7C575A8DEBC7}
		{7D5DB0A8-263E-40D4-90C8-B86BA672C783} = {7273D75C-DB83-4C12-B48D-7C575A8DEBC7}
	EndGlobalSection
EndGlobal
