# THIS IS AN AUTOGENERATED FILE. DO NOT EDIT THIS FILE DIRECTLY.
# yarn lockfile v1


axe-core@^4.4.1:
  version "4.4.1"
  resolved "https://registry.yarnpkg.com/axe-core/-/axe-core-4.4.1.tgz#7dbdc25989298f9ad006645cd396782443757413"
  integrity sha512-gd1kmb21kwNuWr6BQz8fv6GNECPBnUasepcoLbekws23NVBLODdsClRZ+bQ8+9Uomf3Sm3+Vwn0oYG9NvwnJCw==
